
Microsoft Visual Studio Solution File, Format Version 12.00
# Visual Studio Version 16
VisualStudioVersion = 16.0.33027.164
MinimumVisualStudioVersion = 10.0.40219.1
Project("{FAE04EC0-301F-11D3-BF4B-00C04F79EFBC}") = "KeyLogger", "KeyLogger\KeyLogger.csproj", "{A5DC9351-15BF-4638-ACFE-26A8E04F4C0C}"
EndProject
Global
	GlobalSection(SolutionConfigurationPlatforms) = preSolution
		Debug|Any CPU = Debug|Any CPU
		Release|Any CPU = Release|Any CPU
	EndGlobalSection
	GlobalSection(ProjectConfigurationPlatforms) = postSolution
		{A5DC9351-15BF-4638-ACFE-26A8E04F4C0C}.Debug|Any CPU.ActiveCfg = Debug|Any CPU
		{A5DC9351-15BF-4638-ACFE-26A8E04F4C0C}.Debug|Any CPU.Build.0 = Debug|Any CPU
		{A5DC9351-15BF-4638-ACFE-26A8E04F4C0C}.Release|Any CPU.ActiveCfg = Release|Any CPU
		{A5DC9351-15BF-4638-ACFE-26A8E04F4C0C}.Release|Any CPU.Build.0 = Release|Any CPU
	EndGlobalSection
	GlobalSection(SolutionProperties) = preSolution
		HideSolutionNode = FALSE
	EndGlobalSection
	GlobalSection(ExtensibilityGlobals) = postSolution
		SolutionGuid = {54F18846-0089-4BCD-8786-2BF81053C7E7}
	EndGlobalSection
EndGlobal
